
Microsoft Visual Studio Solution File, Format Version 12.00
# Visual Studio Version 17
VisualStudioVersion = 17.2.32505.173
MinimumVisualStudioVersion = 10.0.40219.1
Project("{FAE04EC0-301F-11D3-BF4B-00C04F79EFBC}") = "WebApplicationMVC", "WebApplicationMVC\WebApplicationMVC.csproj", "{C1BB3AD4-F648-4FC2-8274-B72E0A234C6B}"
EndProject
Global
	GlobalSection(SolutionConfigurationPlatforms) = preSolution
		Debug|Any CPU = Debug|Any CPU
		Release|Any CPU = Release|Any CPU
	EndGlobalSection
	GlobalSection(ProjectConfigurationPlatforms) = postSolution
		{C1BB3AD4-F648-4FC2-8274-B72E0A234C6B}.Debug|Any CPU.ActiveCfg = Debug|Any CPU
		{C1BB3AD4-F648-4FC2-8274-B72E0A234C6B}.Debug|Any CPU.Build.0 = Debug|Any CPU
		{C1BB3AD4-F648-4FC2-8274-B72E0A234C6B}.Release|Any CPU.ActiveCfg = Release|Any CPU
		{C1BB3AD4-F648-4FC2-8274-B72E0A234C6B}.Release|Any CPU.Build.0 = Release|Any CPU
	EndGlobalSection
	GlobalSection(SolutionProperties) = preSolution
		HideSolutionNode = FALSE
	EndGlobalSection
	GlobalSection(ExtensibilityGlobals) = postSolution
		SolutionGuid = {8447B284-1144-4406-B918-199DD7C61F0F}
	EndGlobalSection
EndGlobal
