
Microsoft Visual Studio Solution File, Format Version 12.00
# Visual Studio Version 16
VisualStudioVersion = 16.0.32413.511
MinimumVisualStudioVersion = 10.0.40219.1
Project("{FAE04EC0-301F-11D3-BF4B-00C04F79EFBC}") = "ConsoleApp9", "ConsoleApp9\ConsoleApp9.csproj", "{A03754B5-3F0F-4FBC-AD7D-EF6E30617FEB}"
EndProject
Global
	GlobalSection(SolutionConfigurationPlatforms) = preSolution
		Debug|Any CPU = Debug|Any CPU
		Release|Any CPU = Release|Any CPU
	EndGlobalSection
	GlobalSection(ProjectConfigurationPlatforms) = postSolution
		{A03754B5-3F0F-4FBC-AD7D-EF6E30617FEB}.Debug|Any CPU.ActiveCfg = Debug|Any CPU
		{A03754B5-3F0F-4FBC-AD7D-EF6E30617FEB}.Debug|Any CPU.Build.0 = Debug|Any CPU
		{A03754B5-3F0F-4FBC-AD7D-EF6E30617FEB}.Release|Any CPU.ActiveCfg = Release|Any CPU
		{A03754B5-3F0F-4FBC-AD7D-EF6E30617FEB}.Release|Any CPU.Build.0 = Release|Any CPU
	EndGlobalSection
	GlobalSection(SolutionProperties) = preSolution
		HideSolutionNode = FALSE
	EndGlobalSection
	GlobalSection(ExtensibilityGlobals) = postSolution
		SolutionGuid = {A454780C-A72C-4AB1-BA42-A560C5CAC8D3}
	EndGlobalSection
EndGlobal
