
Microsoft Visual Studio Solution File, Format Version 12.00
# Visual Studio Version 16
VisualStudioVersion = 16.0.32413.511
MinimumVisualStudioVersion = 10.0.40219.1
Project("{FAE04EC0-301F-11D3-BF4B-00C04F79EFBC}") = "ConsoleApp7", "ConsoleApp7\ConsoleApp7.csproj", "{E1883807-A428-416A-9E7C-B3774A48C634}"
EndProject
Global
	GlobalSection(SolutionConfigurationPlatforms) = preSolution
		Debug|Any CPU = Debug|Any CPU
		Release|Any CPU = Release|Any CPU
	EndGlobalSection
	GlobalSection(ProjectConfigurationPlatforms) = postSolution
		{E1883807-A428-416A-9E7C-B3774A48C634}.Debug|Any CPU.ActiveCfg = Debug|Any CPU
		{E1883807-A428-416A-9E7C-B3774A48C634}.Debug|Any CPU.Build.0 = Debug|Any CPU
		{E1883807-A428-416A-9E7C-B3774A48C634}.Release|Any CPU.ActiveCfg = Release|Any CPU
		{E1883807-A428-416A-9E7C-B3774A48C634}.Release|Any CPU.Build.0 = Release|Any CPU
	EndGlobalSection
	GlobalSection(SolutionProperties) = preSolution
		HideSolutionNode = FALSE
	EndGlobalSection
	GlobalSection(ExtensibilityGlobals) = postSolution
		SolutionGuid = {BC10FF85-CCB0-41D1-828D-9F30CAEC6F92}
	EndGlobalSection
EndGlobal
