
Microsoft Visual Studio Solution File, Format Version 12.00
# Visual Studio Version 17
VisualStudioVersion = 17.2.32505.173
MinimumVisualStudioVersion = 10.0.40219.1
Project("{FAE04EC0-301F-11D3-BF4B-00C04F79EFBC}") = "WebApp.Code", "WebApp.Code\WebApp.Code.csproj", "{16FA89EC-ECC8-4A49-9A86-73A052BED804}"
EndProject
Global
	GlobalSection(SolutionConfigurationPlatforms) = preSolution
		Debug|Any CPU = Debug|Any CPU
		Release|Any CPU = Release|Any CPU
	EndGlobalSection
	GlobalSection(ProjectConfigurationPlatforms) = postSolution
		{16FA89EC-ECC8-4A49-9A86-73A052BED804}.Debug|Any CPU.ActiveCfg = Debug|Any CPU
		{16FA89EC-ECC8-4A49-9A86-73A052BED804}.Debug|Any CPU.Build.0 = Debug|Any CPU
		{16FA89EC-ECC8-4A49-9A86-73A052BED804}.Release|Any CPU.ActiveCfg = Release|Any CPU
		{16FA89EC-ECC8-4A49-9A86-73A052BED804}.Release|Any CPU.Build.0 = Release|Any CPU
	EndGlobalSection
	GlobalSection(SolutionProperties) = preSolution
		HideSolutionNode = FALSE
	EndGlobalSection
	GlobalSection(ExtensibilityGlobals) = postSolution
		SolutionGuid = {B401CFFD-9F69-495B-9871-A23E078F9B9A}
	EndGlobalSection
EndGlobal
