
Microsoft Visual Studio Solution File, Format Version 12.00
# Visual Studio Version 17
VisualStudioVersion = 17.1.32414.318
MinimumVisualStudioVersion = 10.0.40219.1
Project("{FAE04EC0-301F-11D3-BF4B-00C04F79EFBC}") = "ConsoleApp10", "ConsoleApp10\ConsoleApp10.csproj", "{B5FDD3CA-EEA3-46BB-BBFA-5BEA3CFC5ED6}"
EndProject
Global
	GlobalSection(SolutionConfigurationPlatforms) = preSolution
		Debug|Any CPU = Debug|Any CPU
		Release|Any CPU = Release|Any CPU
	EndGlobalSection
	GlobalSection(ProjectConfigurationPlatforms) = postSolution
		{B5FDD3CA-EEA3-46BB-BBFA-5BEA3CFC5ED6}.Debug|Any CPU.ActiveCfg = Debug|Any CPU
		{B5FDD3CA-EEA3-46BB-BBFA-5BEA3CFC5ED6}.Debug|Any CPU.Build.0 = Debug|Any CPU
		{B5FDD3CA-EEA3-46BB-BBFA-5BEA3CFC5ED6}.Release|Any CPU.ActiveCfg = Release|Any CPU
		{B5FDD3CA-EEA3-46BB-BBFA-5BEA3CFC5ED6}.Release|Any CPU.Build.0 = Release|Any CPU
	EndGlobalSection
	GlobalSection(SolutionProperties) = preSolution
		HideSolutionNode = FALSE
	EndGlobalSection
	GlobalSection(ExtensibilityGlobals) = postSolution
		SolutionGuid = {574E8710-ADB3-4EE6-97A4-88457DB23B61}
	EndGlobalSection
EndGlobal
